<?xml version="1.0"?>
<CONFIG>
  <ProjectOptions>
    <PathDelim Value="\"/>
    <Version Value="6"/>
    <General>
      <Flags>
        <AlwaysBuild Value="False"/>
      </Flags>
      <MainUnit Value="0"/>
      <IconPath Value="./"/>
      <TargetFileExt Value=".exe"/>
      <ActiveEditorIndexAtStart Value="0"/>
    </General>
    <VersionInfo>
      <ProjectVersion Value=""/>
    </VersionInfo>
    <PublishOptions>
      <Version Value="2"/>
      <IgnoreBinaries Value="False"/>
      <IncludeFileFilter Value="*.(pas|pp|inc|lfm|lpr|lrs|lpi|lpk|sh|xml)"/>
      <ExcludeFileFilter Value="*.(bak|ppu|ppw|o|so);*~;backup"/>
    </PublishOptions>
    <RunParams>
      <local>
        <FormatVersion Value="1"/>
        <LaunchingApplication PathPlusParams="/usr/X11R6/bin/xterm -T 'Lazarus Run Output' -e $(LazarusDir)/tools/runwait.sh $(TargetCmdLine)"/>
      </local>
    </RunParams>
    <RequiredPackages Count="1">
      <Item1>
        <PackageName Value="LCL"/>
      </Item1>
    </RequiredPackages>
    <Units Count="8">
      <Unit0>
        <Filename Value="callstat.lpr"/>
        <IsPartOfProject Value="True"/>
        <UnitName Value="callstat"/>
        <CursorPos X="13" Y="16"/>
        <TopLine Value="1"/>
        <UsageCount Value="154"/>
      </Unit0>
      <Unit1>
        <Filename Value="main.pas"/>
        <ComponentName Value="MainForm"/>
        <IsPartOfProject Value="True"/>
        <ResourceFilename Value="main.lrs"/>
        <UnitName Value="main"/>
        <CursorPos X="6" Y="180"/>
        <TopLine Value="170"/>
        <EditorIndex Value="0"/>
        <UsageCount Value="154"/>
        <Loaded Value="True"/>
      </Unit1>
      <Unit2>
        <Filename Value="crwzrd.pas"/>
        <ComponentName Value="CrWizard"/>
        <IsPartOfProject Value="True"/>
        <ResourceFilename Value="crwzrd.lrs"/>
        <UnitName Value="crwzrd"/>
        <CursorPos X="1" Y="33"/>
        <TopLine Value="1"/>
        <EditorIndex Value="1"/>
        <UsageCount Value="153"/>
        <Loaded Value="True"/>
      </Unit2>
      <Unit3>
        <Filename Value="cstypes.pas"/>
        <IsPartOfProject Value="True"/>
        <UnitName Value="cstypes"/>
        <CursorPos X="1" Y="11"/>
        <TopLine Value="1"/>
        <EditorIndex Value="2"/>
        <UsageCount Value="136"/>
        <Loaded Value="True"/>
      </Unit3>
      <Unit4>
        <Filename Value="tlstypes.pp"/>
        <UnitName Value="TlStypes"/>
        <CursorPos X="67" Y="70"/>
        <TopLine Value="9"/>
        <EditorIndex Value="3"/>
        <UsageCount Value="36"/>
        <Loaded Value="True"/>
      </Unit4>
      <Unit5>
        <Filename Value="tlsconv.pp"/>
        <UnitName Value="TlsConv"/>
        <CursorPos X="16" Y="8"/>
        <TopLine Value="1"/>
        <UsageCount Value="5"/>
      </Unit5>
      <Unit6>
        <Filename Value="impcsv.pp"/>
        <UnitName Value="impcsv"/>
        <CursorPos X="10" Y="9"/>
        <TopLine Value="44"/>
        <UsageCount Value="11"/>
      </Unit6>
      <Unit7>
        <Filename Value="..\..\lazarus\fpc\2.2.0\source\rtl\inc\system.inc"/>
        <CursorPos X="1" Y="794"/>
        <TopLine Value="784"/>
        <UsageCount Value="6"/>
      </Unit7>
    </Units>
    <JumpHistory Count="12" HistoryIndex="11">
      <Position1>
        <Filename Value="crwzrd.pas"/>
        <Caret Line="39" Column="1" TopLine="7"/>
      </Position1>
      <Position2>
        <Filename Value="main.pas"/>
        <Caret Line="179" Column="1" TopLine="159"/>
      </Position2>
      <Position3>
        <Filename Value="crwzrd.pas"/>
        <Caret Line="42" Column="12" TopLine="23"/>
      </Position3>
      <Position4>
        <Filename Value="crwzrd.pas"/>
        <Caret Line="43" Column="17" TopLine="26"/>
      </Position4>
      <Position5>
        <Filename Value="crwzrd.pas"/>
        <Caret Line="1" Column="1" TopLine="1"/>
      </Position5>
      <Position6>
        <Filename Value="cstypes.pas"/>
        <Caret Line="13" Column="23" TopLine="1"/>
      </Position6>
      <Position7>
        <Filename Value="crwzrd.pas"/>
        <Caret Line="44" Column="1" TopLine="26"/>
      </Position7>
      <Position8>
        <Filename Value="main.pas"/>
        <Caret Line="175" Column="1" TopLine="160"/>
      </Position8>
      <Position9>
        <Filename Value="main.pas"/>
        <Caret Line="162" Column="1" TopLine="149"/>
      </Position9>
      <Position10>
        <Filename Value="main.pas"/>
        <Caret Line="188" Column="1" TopLine="170"/>
      </Position10>
      <Position11>
        <Filename Value="main.pas"/>
        <Caret Line="37" Column="49" TopLine="36"/>
      </Position11>
      <Position12>
        <Filename Value="main.pas"/>
        <Caret Line="164" Column="8" TopLine="158"/>
      </Position12>
    </JumpHistory>
  </ProjectOptions>
  <CompilerOptions>
    <Version Value="5"/>
    <PathDelim Value="\"/>
    <SearchPaths>
      <UnitOutputDirectory Value="bin"/>
    </SearchPaths>
    <CodeGeneration>
      <Generate Value="Faster"/>
    </CodeGeneration>
    <Linking>
      <Options>
        <Win32>
          <GraphicApplication Value="True"/>
        </Win32>
      </Options>
    </Linking>
    <Other>
      <CompilerPath Value="$(CompPath)"/>
    </Other>
  </CompilerOptions>
  <Debugging>
    <Exceptions Count="2">
      <Item1>
        <Name Value="ECodetoolError"/>
      </Item1>
      <Item2>
        <Name Value="EFOpenError"/>
      </Item2>
    </Exceptions>
  </Debugging>
</CONFIG>
