<?xml version="1.0"?>
<CONFIG>
  <ProjectOptions>
    <PathDelim Value="\"/>
    <Version Value="6"/>
    <General>
      <Flags>
        <AlwaysBuild Value="False"/>
      </Flags>
      <MainUnit Value="0"/>
      <IconPath Value="./"/>
      <TargetFileExt Value=".exe"/>
      <ActiveEditorIndexAtStart Value="2"/>
    </General>
    <VersionInfo>
      <ProjectVersion Value=""/>
    </VersionInfo>
    <PublishOptions>
      <Version Value="2"/>
      <IgnoreBinaries Value="False"/>
      <IncludeFileFilter Value="*.(pas|pp|inc|lfm|lpr|lrs|lpi|lpk|sh|xml)"/>
      <ExcludeFileFilter Value="*.(bak|ppu|ppw|o|so);*~;backup"/>
    </PublishOptions>
    <RunParams>
      <local>
        <FormatVersion Value="1"/>
        <LaunchingApplication PathPlusParams="/usr/X11R6/bin/xterm -T 'Lazarus Run Output' -e $(LazarusDir)/tools/runwait.sh $(TargetCmdLine)"/>
      </local>
    </RunParams>
    <RequiredPackages Count="1">
      <Item1>
        <PackageName Value="LCL"/>
      </Item1>
    </RequiredPackages>
    <Units Count="5">
      <Unit0>
        <Filename Value="callstat.lpr"/>
        <IsPartOfProject Value="True"/>
        <UnitName Value="callstat"/>
        <CursorPos X="1" Y="16"/>
        <TopLine Value="1"/>
        <UsageCount Value="63"/>
      </Unit0>
      <Unit1>
        <Filename Value="main.pas"/>
        <ComponentName Value="MainForm"/>
        <IsPartOfProject Value="True"/>
        <ResourceFilename Value="main.lrs"/>
        <UnitName Value="main"/>
        <CursorPos X="9" Y="188"/>
        <TopLine Value="146"/>
        <EditorIndex Value="0"/>
        <UsageCount Value="63"/>
        <Loaded Value="True"/>
      </Unit1>
      <Unit2>
        <Filename Value="..\..\lazarus\lcl\include\customlistbox.inc"/>
        <CursorPos X="1" Y="536"/>
        <TopLine Value="523"/>
        <UsageCount Value="6"/>
      </Unit2>
      <Unit3>
        <Filename Value="crwzrd.pas"/>
        <ComponentName Value="CrWizard"/>
        <IsPartOfProject Value="True"/>
        <ResourceFilename Value="crwzrd.lrs"/>
        <UnitName Value="crwzrd"/>
        <CursorPos X="28" Y="40"/>
        <TopLine Value="9"/>
        <EditorIndex Value="2"/>
        <UsageCount Value="62"/>
        <Loaded Value="True"/>
      </Unit3>
      <Unit4>
        <Filename Value="cstypes.pas"/>
        <IsPartOfProject Value="True"/>
        <UnitName Value="cstypes"/>
        <CursorPos X="23" Y="13"/>
        <TopLine Value="1"/>
        <EditorIndex Value="1"/>
        <UsageCount Value="45"/>
        <Loaded Value="True"/>
      </Unit4>
    </Units>
    <JumpHistory Count="1" HistoryIndex="0">
      <Position1>
        <Filename Value="crwzrd.pas"/>
        <Caret Line="40" Column="33" TopLine="8"/>
      </Position1>
    </JumpHistory>
  </ProjectOptions>
  <CompilerOptions>
    <Version Value="5"/>
    <PathDelim Value="\"/>
    <CodeGeneration>
      <Generate Value="Faster"/>
    </CodeGeneration>
    <Linking>
      <Options>
        <Win32>
          <GraphicApplication Value="True"/>
        </Win32>
      </Options>
    </Linking>
    <Other>
      <CompilerPath Value="$(CompPath)"/>
    </Other>
  </CompilerOptions>
  <Debugging>
    <Exceptions Count="2">
      <Item1>
        <Name Value="ECodetoolError"/>
      </Item1>
      <Item2>
        <Name Value="EFOpenError"/>
      </Item2>
    </Exceptions>
  </Debugging>
</CONFIG>
