<?xml version="1.0"?>
<CONFIG>
  <ProjectOptions>
    <PathDelim Value="\"/>
    <Version Value="6"/>
    <General>
      <Flags>
        <AlwaysBuild Value="False"/>
      </Flags>
      <MainUnit Value="0"/>
      <IconPath Value="./"/>
      <TargetFileExt Value=".exe"/>
      <ActiveEditorIndexAtStart Value="0"/>
    </General>
    <VersionInfo>
      <ProjectVersion Value=""/>
    </VersionInfo>
    <PublishOptions>
      <Version Value="2"/>
      <IgnoreBinaries Value="False"/>
      <IncludeFileFilter Value="*.(pas|pp|inc|lfm|lpr|lrs|lpi|lpk|sh|xml)"/>
      <ExcludeFileFilter Value="*.(bak|ppu|ppw|o|so);*~;backup"/>
    </PublishOptions>
    <RunParams>
      <local>
        <FormatVersion Value="1"/>
        <LaunchingApplication PathPlusParams="/usr/X11R6/bin/xterm -T 'Lazarus Run Output' -e $(LazarusDir)/tools/runwait.sh $(TargetCmdLine)"/>
      </local>
    </RunParams>
    <RequiredPackages Count="1">
      <Item1>
        <PackageName Value="LCL"/>
      </Item1>
    </RequiredPackages>
    <Units Count="9">
      <Unit0>
        <Filename Value="callstat.lpr"/>
        <IsPartOfProject Value="True"/>
        <UnitName Value="callstat"/>
        <CursorPos X="13" Y="16"/>
        <TopLine Value="1"/>
        <UsageCount Value="114"/>
      </Unit0>
      <Unit1>
        <Filename Value="main.pas"/>
        <ComponentName Value="MainForm"/>
        <IsPartOfProject Value="True"/>
        <ResourceFilename Value="main.lrs"/>
        <UnitName Value="main"/>
        <CursorPos X="1" Y="108"/>
        <TopLine Value="94"/>
        <EditorIndex Value="0"/>
        <UsageCount Value="114"/>
        <Loaded Value="True"/>
      </Unit1>
      <Unit2>
        <Filename Value="..\..\lazarus\lcl\include\customlistbox.inc"/>
        <CursorPos X="1" Y="536"/>
        <TopLine Value="523"/>
        <UsageCount Value="1"/>
      </Unit2>
      <Unit3>
        <Filename Value="crwzrd.pas"/>
        <ComponentName Value="CrWizard"/>
        <IsPartOfProject Value="True"/>
        <ResourceFilename Value="crwzrd.lrs"/>
        <UnitName Value="crwzrd"/>
        <CursorPos X="1" Y="39"/>
        <TopLine Value="7"/>
        <UsageCount Value="113"/>
      </Unit3>
      <Unit4>
        <Filename Value="cstypes.pas"/>
        <IsPartOfProject Value="True"/>
        <UnitName Value="cstypes"/>
        <CursorPos X="23" Y="13"/>
        <TopLine Value="1"/>
        <UsageCount Value="96"/>
      </Unit4>
      <Unit5>
        <Filename Value="tlstypes.pp"/>
        <UnitName Value="TlStypes"/>
        <CursorPos X="21" Y="249"/>
        <TopLine Value="230"/>
        <EditorIndex Value="1"/>
        <UsageCount Value="16"/>
        <Loaded Value="True"/>
      </Unit5>
      <Unit6>
        <Filename Value="tlsconv.pp"/>
        <UnitName Value="TlsConv"/>
        <CursorPos X="16" Y="8"/>
        <TopLine Value="1"/>
        <UsageCount Value="9"/>
      </Unit6>
      <Unit7>
        <Filename Value="impcsv.pp"/>
        <UnitName Value="impcsv"/>
        <CursorPos X="10" Y="9"/>
        <TopLine Value="1"/>
        <EditorIndex Value="2"/>
        <UsageCount Value="11"/>
        <Loaded Value="True"/>
      </Unit7>
      <Unit8>
        <Filename Value="..\..\lazarus\fpc\2.2.0\source\rtl\inc\system.inc"/>
        <CursorPos X="1" Y="794"/>
        <TopLine Value="784"/>
        <UsageCount Value="10"/>
      </Unit8>
    </Units>
    <JumpHistory Count="5" HistoryIndex="4">
      <Position1>
        <Filename Value="tlstypes.pp"/>
        <Caret Line="228" Column="6" TopLine="227"/>
      </Position1>
      <Position2>
        <Filename Value="tlstypes.pp"/>
        <Caret Line="164" Column="1" TopLine="151"/>
      </Position2>
      <Position3>
        <Filename Value="impcsv.pp"/>
        <Caret Line="9" Column="12" TopLine="1"/>
      </Position3>
      <Position4>
        <Filename Value="tlstypes.pp"/>
        <Caret Line="164" Column="1" TopLine="151"/>
      </Position4>
      <Position5>
        <Filename Value="tlstypes.pp"/>
        <Caret Line="249" Column="21" TopLine="230"/>
      </Position5>
    </JumpHistory>
  </ProjectOptions>
  <CompilerOptions>
    <Version Value="5"/>
    <PathDelim Value="\"/>
    <CodeGeneration>
      <Generate Value="Faster"/>
    </CodeGeneration>
    <Linking>
      <Options>
        <Win32>
          <GraphicApplication Value="True"/>
        </Win32>
      </Options>
    </Linking>
    <Other>
      <CompilerPath Value="$(CompPath)"/>
    </Other>
  </CompilerOptions>
  <Debugging>
    <Exceptions Count="2">
      <Item1>
        <Name Value="ECodetoolError"/>
      </Item1>
      <Item2>
        <Name Value="EFOpenError"/>
      </Item2>
    </Exceptions>
  </Debugging>
</CONFIG>
